
Microsoft Visual Studio Solution File, Format Version 12.00
# Visual Studio Version 17
VisualStudioVersion = 17.0.32112.339
MinimumVisualStudioVersion = 10.0.40219.1
Project("{9A19103F-16F7-4668-BE54-9A1E7A4F7556}") = "SymbolBlaster", "SymbolBlaster.csproj", "{A5E534D1-C6A9-46C5-AC93-E0E44BED0146}"
EndProject
Project("{FAE04EC0-301F-11D3-BF4B-00C04F79EFBC}") = "SymbolBlasterTest", "..\SymbolBlasterTest\SymbolBlasterTest.csproj", "{60C48D4A-3696-43F0-8CF1-C8772554807B}"
EndProject
Global
	GlobalSection(SolutionConfigurationPlatforms) = preSolution
		Debug|Any CPU = Debug|Any CPU
		Release|Any CPU = Release|Any CPU
	EndGlobalSection
	GlobalSection(ProjectConfigurationPlatforms) = postSolution
		{A5E534D1-C6A9-46C5-AC93-E0E44BED0146}.Debug|Any CPU.ActiveCfg = Debug|Any CPU
		{A5E534D1-C6A9-46C5-AC93-E0E44BED0146}.Debug|Any CPU.Build.0 = Debug|Any CPU
		{A5E534D1-C6A9-46C5-AC93-E0E44BED0146}.Release|Any CPU.ActiveCfg = Release|Any CPU
		{A5E534D1-C6A9-46C5-AC93-E0E44BED0146}.Release|Any CPU.Build.0 = Release|Any CPU
		{60C48D4A-3696-43F0-8CF1-C8772554807B}.Debug|Any CPU.ActiveCfg = Debug|Any CPU
		{60C48D4A-3696-43F0-8CF1-C8772554807B}.Debug|Any CPU.Build.0 = Debug|Any CPU
		{60C48D4A-3696-43F0-8CF1-C8772554807B}.Release|Any CPU.ActiveCfg = Release|Any CPU
		{60C48D4A-3696-43F0-8CF1-C8772554807B}.Release|Any CPU.Build.0 = Release|Any CPU
	EndGlobalSection
	GlobalSection(SolutionProperties) = preSolution
		HideSolutionNode = FALSE
	EndGlobalSection
	GlobalSection(ExtensibilityGlobals) = postSolution
		SolutionGuid = {1AD3FE28-E469-4305-B9AC-40CCC6C4DF30}
	EndGlobalSection
EndGlobal
